
Microsoft Visual Studio Solution File, Format Version 12.00
# Visual Studio Version 17
VisualStudioVersion = 17.4.33110.190
MinimumVisualStudioVersion = 10.0.40219.1
Project("{FAE04EC0-301F-11D3-BF4B-00C04F79EFBC}") = "AcademicHandle", "AcademicHandle\AcademicHandle.csproj", "{EB5D9D54-BCDD-472C-87B9-85B0DB93B494}"
EndProject
Global
	GlobalSection(SolutionConfigurationPlatforms) = preSolution
		Debug|Any CPU = Debug|Any CPU
		Release|Any CPU = Release|Any CPU
	EndGlobalSection
	GlobalSection(ProjectConfigurationPlatforms) = postSolution
		{EB5D9D54-BCDD-472C-87B9-85B0DB93B494}.Debug|Any CPU.ActiveCfg = Debug|Any CPU
		{EB5D9D54-BCDD-472C-87B9-85B0DB93B494}.Debug|Any CPU.Build.0 = Debug|Any CPU
		{EB5D9D54-BCDD-472C-87B9-85B0DB93B494}.Release|Any CPU.ActiveCfg = Release|Any CPU
		{EB5D9D54-BCDD-472C-87B9-85B0DB93B494}.Release|Any CPU.Build.0 = Release|Any CPU
	EndGlobalSection
	GlobalSection(SolutionProperties) = preSolution
		HideSolutionNode = FALSE
	EndGlobalSection
	GlobalSection(ExtensibilityGlobals) = postSolution
		SolutionGuid = {512380B4-F705-450F-854C-5782B75058D5}
	EndGlobalSection
EndGlobal
